{
  "name": "rssparser",
  "version": "0.0.15",
  "dependencies": {
    "xml2js": {
      "version": "0.2.0",
      "dependencies": {
        "sax": {
          "version": "0.4.2"
        }
      }
    },
    "request": {
      "version": "2.9.3"
    },
    "underscore": {
      "version": "1.3.3"
    },
    "vows": {
      "version": "0.6.4",
      "dependencies": {
        "eyes": {
          "version": "0.1.8"
        },
        "diff": {
          "version": "1.0.3"
        }
      }
    }
  }
}
